
Microsoft Visual Studio Solution File, Format Version 12.00
# Visual Studio Version 17
VisualStudioVersion = 17.14.36310.24 d17.14
MinimumVisualStudioVersion = 10.0.40219.1
Project("{FAE04EC0-301F-11D3-BF4B-00C04F79EFBC}") = "WebApplicationManagement", "WebApplicationManagement\WebApplicationManagement.csproj", "{D204B1F1-9CA3-4F6D-B14D-68F28114E277}"
EndProject
Global
	GlobalSection(SolutionConfigurationPlatforms) = preSolution
		Debug|Any CPU = Debug|Any CPU
		Release|Any CPU = Release|Any CPU
	EndGlobalSection
	GlobalSection(ProjectConfigurationPlatforms) = postSolution
		{D204B1F1-9CA3-4F6D-B14D-68F28114E277}.Debug|Any CPU.ActiveCfg = Debug|Any CPU
		{D204B1F1-9CA3-4F6D-B14D-68F28114E277}.Debug|Any CPU.Build.0 = Debug|Any CPU
		{D204B1F1-9CA3-4F6D-B14D-68F28114E277}.Release|Any CPU.ActiveCfg = Release|Any CPU
		{D204B1F1-9CA3-4F6D-B14D-68F28114E277}.Release|Any CPU.Build.0 = Release|Any CPU
	EndGlobalSection
	GlobalSection(SolutionProperties) = preSolution
		HideSolutionNode = FALSE
	EndGlobalSection
	GlobalSection(ExtensibilityGlobals) = postSolution
		SolutionGuid = {3738A12A-18AC-4A34-9626-CA97533930E4}
	EndGlobalSection
EndGlobal
